
Microsoft Visual Studio Solution File, Format Version 12.00
# Visual Studio Version 17
VisualStudioVersion = 17.8.34525.116
MinimumVisualStudioVersion = 10.0.40219.1
Project("{FAE04EC0-301F-11D3-BF4B-00C04F79EFBC}") = "Week13SQLiteDB", "Week13SQLiteDB\Week13SQLiteDB.csproj", "{4CC4661B-D73E-4799-957A-1FF37F0AA52B}"
EndProject
Global
	GlobalSection(SolutionConfigurationPlatforms) = preSolution
		Debug|Any CPU = Debug|Any CPU
		Release|Any CPU = Release|Any CPU
	EndGlobalSection
	GlobalSection(ProjectConfigurationPlatforms) = postSolution
		{4CC4661B-D73E-4799-957A-1FF37F0AA52B}.Debug|Any CPU.ActiveCfg = Debug|Any CPU
		{4CC4661B-D73E-4799-957A-1FF37F0AA52B}.Debug|Any CPU.Build.0 = Debug|Any CPU
		{4CC4661B-D73E-4799-957A-1FF37F0AA52B}.Release|Any CPU.ActiveCfg = Release|Any CPU
		{4CC4661B-D73E-4799-957A-1FF37F0AA52B}.Release|Any CPU.Build.0 = Release|Any CPU
	EndGlobalSection
	GlobalSection(SolutionProperties) = preSolution
		HideSolutionNode = FALSE
	EndGlobalSection
	GlobalSection(ExtensibilityGlobals) = postSolution
		SolutionGuid = {E88BF38F-FF63-419B-8AD8-E2308ECAE1B1}
	EndGlobalSection
EndGlobal
